
Microsoft Visual Studio Solution File, Format Version 12.00
# Visual Studio 14
VisualStudioVersion = 14.0.24720.0
MinimumVisualStudioVersion = 10.0.40219.1
Project("{FAE04EC0-301F-11D3-BF4B-00C04F79EFBC}") = "MHC-PMS", "MHC-PMS\MHC-PMS.csproj", "{96843BF5-77D2-410E-BA8D-60CC123D987A}"
EndProject
Global
	GlobalSection(SolutionConfigurationPlatforms) = preSolution
		Debug|Any CPU = Debug|Any CPU
		Release|Any CPU = Release|Any CPU
	EndGlobalSection
	GlobalSection(ProjectConfigurationPlatforms) = postSolution
		{96843BF5-77D2-410E-BA8D-60CC123D987A}.Debug|Any CPU.ActiveCfg = Debug|Any CPU
		{96843BF5-77D2-410E-BA8D-60CC123D987A}.Debug|Any CPU.Build.0 = Debug|Any CPU
		{96843BF5-77D2-410E-BA8D-60CC123D987A}.Release|Any CPU.ActiveCfg = Release|Any CPU
		{96843BF5-77D2-410E-BA8D-60CC123D987A}.Release|Any CPU.Build.0 = Release|Any CPU
	EndGlobalSection
	GlobalSection(SolutionProperties) = preSolution
		HideSolutionNode = FALSE
	EndGlobalSection
EndGlobal
